// !$*UTF8*$!
{
	archiveVersion = 1;
	classes = {
	};
	objectVersion = 48;
	objects = {

/* Begin PBXBuildFile section */
		8080616684D4D41E42BB496E /* Pods_NexusUITests.framework in Frameworks */ = {isa = PBXBuildFile; fileRef = CD62427B2F4A589642F90B81 /* Pods_NexusUITests.framework */; };
		8B84B022C979F024157E7689 /* Pods_NexusTests.framework in Frameworks */ = {isa = PBXBuildFile; fileRef = 9AA020474029D9B5BEE48D74 /* Pods_NexusTests.framework */; };
		9D0BE7E62003243B00945119 /* Instagram.png in Resources */ = {isa = PBXBuildFile; fileRef = 9D0BE7E22003243B00945119 /* Instagram.png */; };
		9D0BE7E72003243B00945119 /* Twitter.png in Resources */ = {isa = PBXBuildFile; fileRef = 9D0BE7E32003243B00945119 /* Twitter.png */; };
		9D0BE7E82003243B00945119 /* LinkedIn.png in Resources */ = {isa = PBXBuildFile; fileRef = 9D0BE7E42003243B00945119 /* LinkedIn.png */; };
		9D0BE7EB2003246400945119 /* Facebook.png in Resources */ = {isa = PBXBuildFile; fileRef = 9D0BE7EA2003246400945119 /* Facebook.png */; };
		9D0BE7ED200324AA00945119 /* Snapchat.png in Resources */ = {isa = PBXBuildFile; fileRef = 9D0BE7EC200324AA00945119 /* Snapchat.png */; };
		9DC436E020019D4E00335A4A /* AppDelegate.swift in Sources */ = {isa = PBXBuildFile; fileRef = 9DC436DF20019D4E00335A4A /* AppDelegate.swift */; };
		9DC436E520019D4E00335A4A /* Main.storyboard in Resources */ = {isa = PBXBuildFile; fileRef = 9DC436E320019D4E00335A4A /* Main.storyboard */; };
		9DC436F520019D4E00335A4A /* NexusTests.swift in Sources */ = {isa = PBXBuildFile; fileRef = 9DC436F420019D4E00335A4A /* NexusTests.swift */; };
		9DC4370020019D4E00335A4A /* NexusUITests.swift in Sources */ = {isa = PBXBuildFile; fileRef = 9DC436FF20019D4E00335A4A /* NexusUITests.swift */; };
		A30259692008975600479AF0 /* NexusLogoNobackground.png in Resources */ = {isa = PBXBuildFile; fileRef = A30259682008975500479AF0 /* NexusLogoNobackground.png */; };
		A308DA7F201C179000F126A6 /* menuLauncherViewController.swift in Sources */ = {isa = PBXBuildFile; fileRef = A308DA7E201C179000F126A6 /* menuLauncherViewController.swift */; };
		A331A07C200914A5005776C2 /* ProfileViewController.swift in Sources */ = {isa = PBXBuildFile; fileRef = A331A07B200914A5005776C2 /* ProfileViewController.swift */; };
		A331A07E20091519005776C2 /* ConnectViewController.swift in Sources */ = {isa = PBXBuildFile; fileRef = A331A07D20091519005776C2 /* ConnectViewController.swift */; };
		A340909920141F6C0023E3AF /* Assets.xcassets in Resources */ = {isa = PBXBuildFile; fileRef = A340909820141F6C0023E3AF /* Assets.xcassets */; };
		A3447C882004291B008BAB5F /* profilePicture.png in Resources */ = {isa = PBXBuildFile; fileRef = A3447C872004291B008BAB5F /* profilePicture.png */; };
		A3456515200A5301005B8330 /* Launch Screen.storyboard in Resources */ = {isa = PBXBuildFile; fileRef = A3456514200A5301005B8330 /* Launch Screen.storyboard */; };
		A34C3B882002EA1500C256FE /* SignUp.storyboard in Resources */ = {isa = PBXBuildFile; fileRef = A34C3B862002EA1500C256FE /* SignUp.storyboard */; };
		A34C3B8A200310EF00C256FE /* GoogleService-Info.plist in Resources */ = {isa = PBXBuildFile; fileRef = A34C3B89200310EE00C256FE /* GoogleService-Info.plist */; };
		A350ABB0200C130900D846AD /* SocialCodeViewController.swift in Sources */ = {isa = PBXBuildFile; fileRef = A350ABAF200C130900D846AD /* SocialCodeViewController.swift */; };
		A350ABB2200C131E00D846AD /* ContactCodeViewController.swift in Sources */ = {isa = PBXBuildFile; fileRef = A350ABB1200C131E00D846AD /* ContactCodeViewController.swift */; };
		A350ABB8200D1D1600D846AD /* users.swift in Sources */ = {isa = PBXBuildFile; fileRef = A350ABB7200D1D1600D846AD /* users.swift */; };
		A357DCDD200264EE00A2D517 /* LoginViewController.swift in Sources */ = {isa = PBXBuildFile; fileRef = A357DCDC200264EE00A2D517 /* LoginViewController.swift */; };
		A357DCE120026F5700A2D517 /* SignUpViewController.swift in Sources */ = {isa = PBXBuildFile; fileRef = A357DCE020026F5700A2D517 /* SignUpViewController.swift */; };
		A368935D2005921D000E7C69 /* config.swift in Sources */ = {isa = PBXBuildFile; fileRef = A368935C2005921D000E7C69 /* config.swift */; };
		A3E1FF3220095ACF00DD8B0C /* TabBar.storyboard in Resources */ = {isa = PBXBuildFile; fileRef = A3E1FF3120095ACF00DD8B0C /* TabBar.storyboard */; };
		A3E4B5CC2006C2A200368D95 /* Pods_Nexus.framework in Frameworks */ = {isa = PBXBuildFile; fileRef = D0D56260E29AEDCDE2F1EE2C /* Pods_Nexus.framework */; settings = {ATTRIBUTES = (Weak, ); }; };
/* End PBXBuildFile section */

/* Begin PBXContainerItemProxy section */
		9DC436F120019D4E00335A4A /* PBXContainerItemProxy */ = {
			isa = PBXContainerItemProxy;
			containerPortal = 9DC436D420019D4E00335A4A /* Project object */;
			proxyType = 1;
			remoteGlobalIDString = 9DC436DB20019D4E00335A4A;
			remoteInfo = Nexus;
		};
		9DC436FC20019D4E00335A4A /* PBXContainerItemProxy */ = {
			isa = PBXContainerItemProxy;
			containerPortal = 9DC436D420019D4E00335A4A /* Project object */;
			proxyType = 1;
			remoteGlobalIDString = 9DC436DB20019D4E00335A4A;
			remoteInfo = Nexus;
		};
/* End PBXContainerItemProxy section */

/* Begin PBXFileReference section */
		2072B8EA596448F9DA218AFD /* Pods-NexusUITests.release.xcconfig */ = {isa = PBXFileReference; includeInIndex = 1; lastKnownFileType = text.xcconfig; name = "Pods-NexusUITests.release.xcconfig"; path = "Pods/Target Support Files/Pods-NexusUITests/Pods-NexusUITests.release.xcconfig"; sourceTree = "<group>"; };
		2128E87600CF59D1187BCFD5 /* Pods-Nexus.debug.xcconfig */ = {isa = PBXFileReference; includeInIndex = 1; lastKnownFileType = text.xcconfig; name = "Pods-Nexus.debug.xcconfig"; path = "Pods/Target Support Files/Pods-Nexus/Pods-Nexus.debug.xcconfig"; sourceTree = "<group>"; };
		4A3A0D1073A832A51B2868EA /* Pods-NexusUITests.debug.xcconfig */ = {isa = PBXFileReference; includeInIndex = 1; lastKnownFileType = text.xcconfig; name = "Pods-NexusUITests.debug.xcconfig"; path = "Pods/Target Support Files/Pods-NexusUITests/Pods-NexusUITests.debug.xcconfig"; sourceTree = "<group>"; };
		83E54BEA97C799CC3C1A5714 /* Pods-NexusTests.release.xcconfig */ = {isa = PBXFileReference; includeInIndex = 1; lastKnownFileType = text.xcconfig; name = "Pods-NexusTests.release.xcconfig"; path = "Pods/Target Support Files/Pods-NexusTests/Pods-NexusTests.release.xcconfig"; sourceTree = "<group>"; };
		9AA020474029D9B5BEE48D74 /* Pods_NexusTests.framework */ = {isa = PBXFileReference; explicitFileType = wrapper.framework; includeInIndex = 0; path = Pods_NexusTests.framework; sourceTree = BUILT_PRODUCTS_DIR; };
		9D0BE7E22003243B00945119 /* Instagram.png */ = {isa = PBXFileReference; lastKnownFileType = image.png; path = Instagram.png; sourceTree = "<group>"; };
		9D0BE7E32003243B00945119 /* Twitter.png */ = {isa = PBXFileReference; lastKnownFileType = image.png; path = Twitter.png; sourceTree = "<group>"; };
		9D0BE7E42003243B00945119 /* LinkedIn.png */ = {isa = PBXFileReference; lastKnownFileType = image.png; path = LinkedIn.png; sourceTree = "<group>"; };
		9D0BE7EA2003246400945119 /* Facebook.png */ = {isa = PBXFileReference; lastKnownFileType = image.png; path = Facebook.png; sourceTree = "<group>"; };
		9D0BE7EC200324AA00945119 /* Snapchat.png */ = {isa = PBXFileReference; lastKnownFileType = image.png; path = Snapchat.png; sourceTree = "<group>"; };
		9DC436DC20019D4E00335A4A /* Nexus.app */ = {isa = PBXFileReference; explicitFileType = wrapper.application; includeInIndex = 0; path = Nexus.app; sourceTree = BUILT_PRODUCTS_DIR; };
		9DC436DF20019D4E00335A4A /* AppDelegate.swift */ = {isa = PBXFileReference; lastKnownFileType = sourcecode.swift; path = AppDelegate.swift; sourceTree = "<group>"; };
		9DC436E420019D4E00335A4A /* Base */ = {isa = PBXFileReference; lastKnownFileType = file.storyboard; name = Base; path = Base.lproj/Main.storyboard; sourceTree = "<group>"; };
		9DC436EB20019D4E00335A4A /* Info.plist */ = {isa = PBXFileReference; lastKnownFileType = text.plist.xml; path = Info.plist; sourceTree = "<group>"; };
		9DC436F020019D4E00335A4A /* NexusTests.xctest */ = {isa = PBXFileReference; explicitFileType = wrapper.cfbundle; includeInIndex = 0; path = NexusTests.xctest; sourceTree = BUILT_PRODUCTS_DIR; };
		9DC436F420019D4E00335A4A /* NexusTests.swift */ = {isa = PBXFileReference; lastKnownFileType = sourcecode.swift; path = NexusTests.swift; sourceTree = "<group>"; };
		9DC436F620019D4E00335A4A /* Info.plist */ = {isa = PBXFileReference; lastKnownFileType = text.plist.xml; path = Info.plist; sourceTree = "<group>"; };
		9DC436FB20019D4E00335A4A /* NexusUITests.xctest */ = {isa = PBXFileReference; explicitFileType = wrapper.cfbundle; includeInIndex = 0; path = NexusUITests.xctest; sourceTree = BUILT_PRODUCTS_DIR; };
		9DC436FF20019D4E00335A4A /* NexusUITests.swift */ = {isa = PBXFileReference; lastKnownFileType = sourcecode.swift; path = NexusUITests.swift; sourceTree = "<group>"; };
		9DC4370120019D4E00335A4A /* Info.plist */ = {isa = PBXFileReference; lastKnownFileType = text.plist.xml; path = Info.plist; sourceTree = "<group>"; };
		A30259682008975500479AF0 /* NexusLogoNobackground.png */ = {isa = PBXFileReference; lastKnownFileType = image.png; path = NexusLogoNobackground.png; sourceTree = "<group>"; };
		A308DA7E201C179000F126A6 /* menuLauncherViewController.swift */ = {isa = PBXFileReference; lastKnownFileType = sourcecode.swift; path = menuLauncherViewController.swift; sourceTree = "<group>"; };
		A331A07B200914A5005776C2 /* ProfileViewController.swift */ = {isa = PBXFileReference; lastKnownFileType = sourcecode.swift; path = ProfileViewController.swift; sourceTree = "<group>"; };
		A331A07D20091519005776C2 /* ConnectViewController.swift */ = {isa = PBXFileReference; lastKnownFileType = sourcecode.swift; path = ConnectViewController.swift; sourceTree = "<group>"; };
		A340909820141F6C0023E3AF /* Assets.xcassets */ = {isa = PBXFileReference; lastKnownFileType = folder.assetcatalog; path = Assets.xcassets; sourceTree = "<group>"; };
		A3447C872004291B008BAB5F /* profilePicture.png */ = {isa = PBXFileReference; lastKnownFileType = image.png; name = profilePicture.png; path = "Nexus/Social Media Icons/profilePicture.png"; sourceTree = SOURCE_ROOT; };
		A3456514200A5301005B8330 /* Launch Screen.storyboard */ = {isa = PBXFileReference; lastKnownFileType = file.storyboard; path = "Launch Screen.storyboard"; sourceTree = "<group>"; };
		A34C3B872002EA1500C256FE /* Base */ = {isa = PBXFileReference; lastKnownFileType = file.storyboard; name = Base; path = Nexus/Base.lproj/SignUp.storyboard; sourceTree = "<group>"; };
		A34C3B89200310EE00C256FE /* GoogleService-Info.plist */ = {isa = PBXFileReference; fileEncoding = 4; lastKnownFileType = text.plist.xml; path = "GoogleService-Info.plist"; sourceTree = "<group>"; };
		A350ABAF200C130900D846AD /* SocialCodeViewController.swift */ = {isa = PBXFileReference; lastKnownFileType = sourcecode.swift; path = SocialCodeViewController.swift; sourceTree = "<group>"; };
		A350ABB1200C131E00D846AD /* ContactCodeViewController.swift */ = {isa = PBXFileReference; lastKnownFileType = sourcecode.swift; path = ContactCodeViewController.swift; sourceTree = "<group>"; };
		A350ABB7200D1D1600D846AD /* users.swift */ = {isa = PBXFileReference; lastKnownFileType = sourcecode.swift; path = users.swift; sourceTree = "<group>"; };
		A357DCDC200264EE00A2D517 /* LoginViewController.swift */ = {isa = PBXFileReference; lastKnownFileType = sourcecode.swift; path = LoginViewController.swift; sourceTree = "<group>"; };
		A357DCE020026F5700A2D517 /* SignUpViewController.swift */ = {isa = PBXFileReference; lastKnownFileType = sourcecode.swift; path = SignUpViewController.swift; sourceTree = "<group>"; };
		A368935C2005921D000E7C69 /* config.swift */ = {isa = PBXFileReference; lastKnownFileType = sourcecode.swift; path = config.swift; sourceTree = "<group>"; };
		A3DEFE852013A66400F44EC9 /* nexus-Bridging-Header.h */ = {isa = PBXFileReference; lastKnownFileType = sourcecode.c.h; name = "nexus-Bridging-Header.h"; path = "/Users/nickpotts/Documents/NexusApp/Nexus/nexus-Bridging-Header.h"; sourceTree = "<absolute>"; };
		A3E1FF3120095ACF00DD8B0C /* TabBar.storyboard */ = {isa = PBXFileReference; fileEncoding = 4; lastKnownFileType = file.storyboard; name = TabBar.storyboard; path = ../TabBar.storyboard; sourceTree = "<group>"; };
		BEE9E106AD8BBDE20BA3EA95 /* Pods-NexusTests.debug.xcconfig */ = {isa = PBXFileReference; includeInIndex = 1; lastKnownFileType = text.xcconfig; name = "Pods-NexusTests.debug.xcconfig"; path = "Pods/Target Support Files/Pods-NexusTests/Pods-NexusTests.debug.xcconfig"; sourceTree = "<group>"; };
		CD62427B2F4A589642F90B81 /* Pods_NexusUITests.framework */ = {isa = PBXFileReference; explicitFileType = wrapper.framework; includeInIndex = 0; path = Pods_NexusUITests.framework; sourceTree = BUILT_PRODUCTS_DIR; };
		D0D56260E29AEDCDE2F1EE2C /* Pods_Nexus.framework */ = {isa = PBXFileReference; explicitFileType = wrapper.framework; includeInIndex = 0; path = Pods_Nexus.framework; sourceTree = BUILT_PRODUCTS_DIR; };
		FE27944A3CD7FAE1B5AD4FBE /* Pods-Nexus.release.xcconfig */ = {isa = PBXFileReference; includeInIndex = 1; lastKnownFileType = text.xcconfig; name = "Pods-Nexus.release.xcconfig"; path = "Pods/Target Support Files/Pods-Nexus/Pods-Nexus.release.xcconfig"; sourceTree = "<group>"; };
/* End PBXFileReference section */

/* Begin PBXFrameworksBuildPhase section */
		9DC436D920019D4E00335A4A /* Frameworks */ = {
			isa = PBXFrameworksBuildPhase;
			buildActionMask = 2147483647;
			files = (
				A3E4B5CC2006C2A200368D95 /* Pods_Nexus.framework in Frameworks */,
			);
			runOnlyForDeploymentPostprocessing = 0;
		};
		9DC436ED20019D4E00335A4A /* Frameworks */ = {
			isa = PBXFrameworksBuildPhase;
			buildActionMask = 2147483647;
			files = (
				8B84B022C979F024157E7689 /* Pods_NexusTests.framework in Frameworks */,
			);
			runOnlyForDeploymentPostprocessing = 0;
		};
		9DC436F820019D4E00335A4A /* Frameworks */ = {
			isa = PBXFrameworksBuildPhase;
			buildActionMask = 2147483647;
			files = (
				8080616684D4D41E42BB496E /* Pods_NexusUITests.framework in Frameworks */,
			);
			runOnlyForDeploymentPostprocessing = 0;
		};
/* End PBXFrameworksBuildPhase section */

/* Begin PBXGroup section */
		2090757BE31B62CAE14238D8 /* Frameworks */ = {
			isa = PBXGroup;
			children = (
				D0D56260E29AEDCDE2F1EE2C /* Pods_Nexus.framework */,
				9AA020474029D9B5BEE48D74 /* Pods_NexusTests.framework */,
				CD62427B2F4A589642F90B81 /* Pods_NexusUITests.framework */,
			);
			name = Frameworks;
			sourceTree = "<group>";
		};
		549AFDA77EC0B8D3F053F2F1 /* Pods */ = {
			isa = PBXGroup;
			children = (
				2128E87600CF59D1187BCFD5 /* Pods-Nexus.debug.xcconfig */,
				FE27944A3CD7FAE1B5AD4FBE /* Pods-Nexus.release.xcconfig */,
				BEE9E106AD8BBDE20BA3EA95 /* Pods-NexusTests.debug.xcconfig */,
				83E54BEA97C799CC3C1A5714 /* Pods-NexusTests.release.xcconfig */,
				4A3A0D1073A832A51B2868EA /* Pods-NexusUITests.debug.xcconfig */,
				2072B8EA596448F9DA218AFD /* Pods-NexusUITests.release.xcconfig */,
			);
			name = Pods;
			sourceTree = "<group>";
		};
		9D0BE7E12003243B00945119 /* Social Media Icons */ = {
			isa = PBXGroup;
			children = (
				A3447C872004291B008BAB5F /* profilePicture.png */,
				A30259682008975500479AF0 /* NexusLogoNobackground.png */,
				9D0BE7EC200324AA00945119 /* Snapchat.png */,
				9D0BE7EA2003246400945119 /* Facebook.png */,
				9D0BE7E22003243B00945119 /* Instagram.png */,
				9D0BE7E32003243B00945119 /* Twitter.png */,
				9D0BE7E42003243B00945119 /* LinkedIn.png */,
			);
			path = "Social Media Icons";
			sourceTree = "<group>";
		};
		9DC436D320019D4E00335A4A = {
			isa = PBXGroup;
			children = (
				9DC436DE20019D4E00335A4A /* Nexus */,
				9DC436F320019D4E00335A4A /* NexusTests */,
				9DC436FE20019D4E00335A4A /* NexusUITests */,
				9DC436DD20019D4E00335A4A /* Products */,
				549AFDA77EC0B8D3F053F2F1 /* Pods */,
				2090757BE31B62CAE14238D8 /* Frameworks */,
			);
			sourceTree = "<group>";
		};
		9DC436DD20019D4E00335A4A /* Products */ = {
			isa = PBXGroup;
			children = (
				9DC436DC20019D4E00335A4A /* Nexus.app */,
				9DC436F020019D4E00335A4A /* NexusTests.xctest */,
				9DC436FB20019D4E00335A4A /* NexusUITests.xctest */,
			);
			name = Products;
			sourceTree = "<group>";
		};
		9DC436DE20019D4E00335A4A /* Nexus */ = {
			isa = PBXGroup;
			children = (
				A350ABB6200D1CF600D846AD /* Model */,
				9D0BE7E12003243B00945119 /* Social Media Icons */,
				9DC436DF20019D4E00335A4A /* AppDelegate.swift */,
				A308DA7E201C179000F126A6 /* menuLauncherViewController.swift */,
				A350ABB1200C131E00D846AD /* ContactCodeViewController.swift */,
				A350ABAF200C130900D846AD /* SocialCodeViewController.swift */,
				A331A07D20091519005776C2 /* ConnectViewController.swift */,
				A331A07B200914A5005776C2 /* ProfileViewController.swift */,
				A368935C2005921D000E7C69 /* config.swift */,
				A357DCE020026F5700A2D517 /* SignUpViewController.swift */,
				A357DCDC200264EE00A2D517 /* LoginViewController.swift */,
				A3DEFE852013A66400F44EC9 /* nexus-Bridging-Header.h */,
				A3E1FF3120095ACF00DD8B0C /* TabBar.storyboard */,
				9DC436E320019D4E00335A4A /* Main.storyboard */,
				A34C3B862002EA1500C256FE /* SignUp.storyboard */,
				A3456514200A5301005B8330 /* Launch Screen.storyboard */,
				A340909820141F6C0023E3AF /* Assets.xcassets */,
				9DC436EB20019D4E00335A4A /* Info.plist */,
				A34C3B89200310EE00C256FE /* GoogleService-Info.plist */,
			);
			path = Nexus;
			sourceTree = "<group>";
		};
		9DC436F320019D4E00335A4A /* NexusTests */ = {
			isa = PBXGroup;
			children = (
				9DC436F420019D4E00335A4A /* NexusTests.swift */,
				9DC436F620019D4E00335A4A /* Info.plist */,
			);
			path = NexusTests;
			sourceTree = "<group>";
		};
		9DC436FE20019D4E00335A4A /* NexusUITests */ = {
			isa = PBXGroup;
			children = (
				9DC436FF20019D4E00335A4A /* NexusUITests.swift */,
				9DC4370120019D4E00335A4A /* Info.plist */,
			);
			path = NexusUITests;
			sourceTree = "<group>";
		};
		A350ABB6200D1CF600D846AD /* Model */ = {
			isa = PBXGroup;
			children = (
				A350ABB7200D1D1600D846AD /* users.swift */,
			);
			name = Model;
			path = "New Group";
			sourceTree = "<group>";
		};
/* End PBXGroup section */

/* Begin PBXNativeTarget section */
		9DC436DB20019D4E00335A4A /* Nexus */ = {
			isa = PBXNativeTarget;
			buildConfigurationList = 9DC4370420019D4E00335A4A /* Build configuration list for PBXNativeTarget "Nexus" */;
			buildPhases = (
				3244808948A3E5CDAB5FB3AA /* [CP] Check Pods Manifest.lock */,
				9DC436D820019D4E00335A4A /* Sources */,
				9DC436D920019D4E00335A4A /* Frameworks */,
				9DC436DA20019D4E00335A4A /* Resources */,
				E3E2FC29922AC67B4AFB37AE /* [CP] Embed Pods Frameworks */,
				745FC6BCE2354ADC6615BF0F /* [CP] Copy Pods Resources */,
			);
			buildRules = (
			);
			dependencies = (
			);
			name = Nexus;
			productName = Nexus;
			productReference = 9DC436DC20019D4E00335A4A /* Nexus.app */;
			productType = "com.apple.product-type.application";
		};
		9DC436EF20019D4E00335A4A /* NexusTests */ = {
			isa = PBXNativeTarget;
			buildConfigurationList = 9DC4370720019D4E00335A4A /* Build configuration list for PBXNativeTarget "NexusTests" */;
			buildPhases = (
				0294C577086CD060E4D637B6 /* [CP] Check Pods Manifest.lock */,
				9DC436EC20019D4E00335A4A /* Sources */,
				9DC436ED20019D4E00335A4A /* Frameworks */,
				9DC436EE20019D4E00335A4A /* Resources */,
				0F694FB139707F9F4E7C50D5 /* [CP] Embed Pods Frameworks */,
				6E26AF450BF2BF199235D3B3 /* [CP] Copy Pods Resources */,
			);
			buildRules = (
			);
			dependencies = (
				9DC436F220019D4E00335A4A /* PBXTargetDependency */,
			);
			name = NexusTests;
			productName = NexusTests;
			productReference = 9DC436F020019D4E00335A4A /* NexusTests.xctest */;
			productType = "com.apple.product-type.bundle.unit-test";
		};
		9DC436FA20019D4E00335A4A /* NexusUITests */ = {
			isa = PBXNativeTarget;
			buildConfigurationList = 9DC4370A20019D4E00335A4A /* Build configuration list for PBXNativeTarget "NexusUITests" */;
			buildPhases = (
				8C0C0D74D7ECEDE108B6553B /* [CP] Check Pods Manifest.lock */,
				9DC436F720019D4E00335A4A /* Sources */,
				9DC436F820019D4E00335A4A /* Frameworks */,
				9DC436F920019D4E00335A4A /* Resources */,
				3EA4412A10438A912B6F5192 /* [CP] Embed Pods Frameworks */,
				5A30EBFC6A18C833B829605B /* [CP] Copy Pods Resources */,
			);
			buildRules = (
			);
			dependencies = (
				9DC436FD20019D4E00335A4A /* PBXTargetDependency */,
			);
			name = NexusUITests;
			productName = NexusUITests;
			productReference = 9DC436FB20019D4E00335A4A /* NexusUITests.xctest */;
			productType = "com.apple.product-type.bundle.ui-testing";
		};
/* End PBXNativeTarget section */

/* Begin PBXProject section */
		9DC436D420019D4E00335A4A /* Project object */ = {
			isa = PBXProject;
			attributes = {
				LastSwiftUpdateCheck = 0920;
				LastUpgradeCheck = 0920;
				ORGANIZATIONNAME = "Matthew Foote";
				TargetAttributes = {
					9DC436DB20019D4E00335A4A = {
						CreatedOnToolsVersion = 9.2;
						ProvisioningStyle = Automatic;
					};
					9DC436EF20019D4E00335A4A = {
						CreatedOnToolsVersion = 9.2;
						ProvisioningStyle = Automatic;
						TestTargetID = 9DC436DB20019D4E00335A4A;
					};
					9DC436FA20019D4E00335A4A = {
						CreatedOnToolsVersion = 9.2;
						ProvisioningStyle = Automatic;
						TestTargetID = 9DC436DB20019D4E00335A4A;
					};
				};
			};
			buildConfigurationList = 9DC436D720019D4E00335A4A /* Build configuration list for PBXProject "Nexus" */;
			compatibilityVersion = "Xcode 8.0";
			developmentRegion = en;
			hasScannedForEncodings = 0;
			knownRegions = (
				en,
				Base,
			);
			mainGroup = 9DC436D320019D4E00335A4A;
			productRefGroup = 9DC436DD20019D4E00335A4A /* Products */;
			projectDirPath = "";
			projectRoot = "";
			targets = (
				9DC436DB20019D4E00335A4A /* Nexus */,
				9DC436EF20019D4E00335A4A /* NexusTests */,
				9DC436FA20019D4E00335A4A /* NexusUITests */,
			);
		};
/* End PBXProject section */

/* Begin PBXResourcesBuildPhase section */
		9DC436DA20019D4E00335A4A /* Resources */ = {
			isa = PBXResourcesBuildPhase;
			buildActionMask = 2147483647;
			files = (
				9D0BE7EB2003246400945119 /* Facebook.png in Resources */,
				A34C3B8A200310EF00C256FE /* GoogleService-Info.plist in Resources */,
				A34C3B882002EA1500C256FE /* SignUp.storyboard in Resources */,
				A3456515200A5301005B8330 /* Launch Screen.storyboard in Resources */,
				9D0BE7ED200324AA00945119 /* Snapchat.png in Resources */,
				9D0BE7E72003243B00945119 /* Twitter.png in Resources */,
				A340909920141F6C0023E3AF /* Assets.xcassets in Resources */,
				9D0BE7E82003243B00945119 /* LinkedIn.png in Resources */,
				A3E1FF3220095ACF00DD8B0C /* TabBar.storyboard in Resources */,
				9D0BE7E62003243B00945119 /* Instagram.png in Resources */,
				A30259692008975600479AF0 /* NexusLogoNobackground.png in Resources */,
				9DC436E520019D4E00335A4A /* Main.storyboard in Resources */,
				A3447C882004291B008BAB5F /* profilePicture.png in Resources */,
			);
			runOnlyForDeploymentPostprocessing = 0;
		};
		9DC436EE20019D4E00335A4A /* Resources */ = {
			isa = PBXResourcesBuildPhase;
			buildActionMask = 2147483647;
			files = (
			);
			runOnlyForDeploymentPostprocessing = 0;
		};
		9DC436F920019D4E00335A4A /* Resources */ = {
			isa = PBXResourcesBuildPhase;
			buildActionMask = 2147483647;
			files = (
			);
			runOnlyForDeploymentPostprocessing = 0;
		};
/* End PBXResourcesBuildPhase section */

/* Begin PBXShellScriptBuildPhase section */
		0294C577086CD060E4D637B6 /* [CP] Check Pods Manifest.lock */ = {
			isa = PBXShellScriptBuildPhase;
			buildActionMask = 2147483647;
			files = (
			);
			inputPaths = (
				"${PODS_PODFILE_DIR_PATH}/Podfile.lock",
				"${PODS_ROOT}/Manifest.lock",
			);
			name = "[CP] Check Pods Manifest.lock";
			outputPaths = (
				"$(DERIVED_FILE_DIR)/Pods-NexusTests-checkManifestLockResult.txt",
			);
			runOnlyForDeploymentPostprocessing = 0;
			shellPath = /bin/sh;
			shellScript = "diff \"${PODS_PODFILE_DIR_PATH}/Podfile.lock\" \"${PODS_ROOT}/Manifest.lock\" > /dev/null\nif [ $? != 0 ] ; then\n    # print error to STDERR\n    echo \"error: The sandbox is not in sync with the Podfile.lock. Run 'pod install' or update your CocoaPods installation.\" >&2\n    exit 1\nfi\n# This output is used by Xcode 'outputs' to avoid re-running this script phase.\necho \"SUCCESS\" > \"${SCRIPT_OUTPUT_FILE_0}\"\n";
			showEnvVarsInLog = 0;
		};
		0F694FB139707F9F4E7C50D5 /* [CP] Embed Pods Frameworks */ = {
			isa = PBXShellScriptBuildPhase;
			buildActionMask = 2147483647;
			files = (
			);
			inputPaths = (
			);
			name = "[CP] Embed Pods Frameworks";
			outputPaths = (
			);
			runOnlyForDeploymentPostprocessing = 0;
			shellPath = /bin/sh;
			shellScript = "\"${SRCROOT}/Pods/Target Support Files/Pods-NexusTests/Pods-NexusTests-frameworks.sh\"\n";
			showEnvVarsInLog = 0;
		};
		3244808948A3E5CDAB5FB3AA /* [CP] Check Pods Manifest.lock */ = {
			isa = PBXShellScriptBuildPhase;
			buildActionMask = 2147483647;
			files = (
			);
			inputPaths = (
				"${PODS_PODFILE_DIR_PATH}/Podfile.lock",
				"${PODS_ROOT}/Manifest.lock",
			);
			name = "[CP] Check Pods Manifest.lock";
			outputPaths = (
				"$(DERIVED_FILE_DIR)/Pods-Nexus-checkManifestLockResult.txt",
			);
			runOnlyForDeploymentPostprocessing = 0;
			shellPath = /bin/sh;
			shellScript = "diff \"${PODS_PODFILE_DIR_PATH}/Podfile.lock\" \"${PODS_ROOT}/Manifest.lock\" > /dev/null\nif [ $? != 0 ] ; then\n    # print error to STDERR\n    echo \"error: The sandbox is not in sync with the Podfile.lock. Run 'pod install' or update your CocoaPods installation.\" >&2\n    exit 1\nfi\n# This output is used by Xcode 'outputs' to avoid re-running this script phase.\necho \"SUCCESS\" > \"${SCRIPT_OUTPUT_FILE_0}\"\n";
			showEnvVarsInLog = 0;
		};
		3EA4412A10438A912B6F5192 /* [CP] Embed Pods Frameworks */ = {
			isa = PBXShellScriptBuildPhase;
			buildActionMask = 2147483647;
			files = (
			);
			inputPaths = (
			);
			name = "[CP] Embed Pods Frameworks";
			outputPaths = (
			);
			runOnlyForDeploymentPostprocessing = 0;
			shellPath = /bin/sh;
			shellScript = "\"${SRCROOT}/Pods/Target Support Files/Pods-NexusUITests/Pods-NexusUITests-frameworks.sh\"\n";
			showEnvVarsInLog = 0;
		};
		5A30EBFC6A18C833B829605B /* [CP] Copy Pods Resources */ = {
			isa = PBXShellScriptBuildPhase;
			buildActionMask = 2147483647;
			files = (
			);
			inputPaths = (
			);
			name = "[CP] Copy Pods Resources";
			outputPaths = (
			);
			runOnlyForDeploymentPostprocessing = 0;
			shellPath = /bin/sh;
			shellScript = "\"${SRCROOT}/Pods/Target Support Files/Pods-NexusUITests/Pods-NexusUITests-resources.sh\"\n";
			showEnvVarsInLog = 0;
		};
		6E26AF450BF2BF199235D3B3 /* [CP] Copy Pods Resources */ = {
			isa = PBXShellScriptBuildPhase;
			buildActionMask = 2147483647;
			files = (
			);
			inputPaths = (
			);
			name = "[CP] Copy Pods Resources";
			outputPaths = (
			);
			runOnlyForDeploymentPostprocessing = 0;
			shellPath = /bin/sh;
			shellScript = "\"${SRCROOT}/Pods/Target Support Files/Pods-NexusTests/Pods-NexusTests-resources.sh\"\n";
			showEnvVarsInLog = 0;
		};
		745FC6BCE2354ADC6615BF0F /* [CP] Copy Pods Resources */ = {
			isa = PBXShellScriptBuildPhase;
			buildActionMask = 2147483647;
			files = (
			);
			inputPaths = (
				"${SRCROOT}/Pods/Target Support Files/Pods-Nexus/Pods-Nexus-resources.sh",
				"${PODS_ROOT}/GoogleSignIn/Resources/GoogleSignIn.bundle",
			);
			name = "[CP] Copy Pods Resources";
			outputPaths = (
				"${TARGET_BUILD_DIR}/${UNLOCALIZED_RESOURCES_FOLDER_PATH}",
			);
			runOnlyForDeploymentPostprocessing = 0;
			shellPath = /bin/sh;
			shellScript = "\"${SRCROOT}/Pods/Target Support Files/Pods-Nexus/Pods-Nexus-resources.sh\"\n";
			showEnvVarsInLog = 0;
		};
		8C0C0D74D7ECEDE108B6553B /* [CP] Check Pods Manifest.lock */ = {
			isa = PBXShellScriptBuildPhase;
			buildActionMask = 2147483647;
			files = (
			);
			inputPaths = (
				"${PODS_PODFILE_DIR_PATH}/Podfile.lock",
				"${PODS_ROOT}/Manifest.lock",
			);
			name = "[CP] Check Pods Manifest.lock";
			outputPaths = (
				"$(DERIVED_FILE_DIR)/Pods-NexusUITests-checkManifestLockResult.txt",
			);
			runOnlyForDeploymentPostprocessing = 0;
			shellPath = /bin/sh;
			shellScript = "diff \"${PODS_PODFILE_DIR_PATH}/Podfile.lock\" \"${PODS_ROOT}/Manifest.lock\" > /dev/null\nif [ $? != 0 ] ; then\n    # print error to STDERR\n    echo \"error: The sandbox is not in sync with the Podfile.lock. Run 'pod install' or update your CocoaPods installation.\" >&2\n    exit 1\nfi\n# This output is used by Xcode 'outputs' to avoid re-running this script phase.\necho \"SUCCESS\" > \"${SCRIPT_OUTPUT_FILE_0}\"\n";
			showEnvVarsInLog = 0;
		};
		E3E2FC29922AC67B4AFB37AE /* [CP] Embed Pods Frameworks */ = {
			isa = PBXShellScriptBuildPhase;
			buildActionMask = 2147483647;
			files = (
			);
			inputPaths = (
				"${SRCROOT}/Pods/Target Support Files/Pods-Nexus/Pods-Nexus-frameworks.sh",
				"${BUILT_PRODUCTS_DIR}/GTMOAuth2/GTMOAuth2.framework",
				"${BUILT_PRODUCTS_DIR}/GTMSessionFetcher/GTMSessionFetcher.framework",
				"${BUILT_PRODUCTS_DIR}/GoogleToolboxForMac/GoogleToolboxForMac.framework",
				"${BUILT_PRODUCTS_DIR}/SDWebImage/SDWebImage.framework",
				"${BUILT_PRODUCTS_DIR}/leveldb-library/leveldb.framework",
				"${BUILT_PRODUCTS_DIR}/nanopb/nanopb.framework",
			);
			name = "[CP] Embed Pods Frameworks";
			outputPaths = (
				"${TARGET_BUILD_DIR}/${FRAMEWORKS_FOLDER_PATH}/GTMOAuth2.framework",
				"${TARGET_BUILD_DIR}/${FRAMEWORKS_FOLDER_PATH}/GTMSessionFetcher.framework",
				"${TARGET_BUILD_DIR}/${FRAMEWORKS_FOLDER_PATH}/GoogleToolboxForMac.framework",
				"${TARGET_BUILD_DIR}/${FRAMEWORKS_FOLDER_PATH}/SDWebImage.framework",
				"${TARGET_BUILD_DIR}/${FRAMEWORKS_FOLDER_PATH}/leveldb.framework",
				"${TARGET_BUILD_DIR}/${FRAMEWORKS_FOLDER_PATH}/nanopb.framework",
			);
			runOnlyForDeploymentPostprocessing = 0;
			shellPath = /bin/sh;
			shellScript = "\"${SRCROOT}/Pods/Target Support Files/Pods-Nexus/Pods-Nexus-frameworks.sh\"\n";
			showEnvVarsInLog = 0;
		};
/* End PBXShellScriptBuildPhase section */

/* Begin PBXSourcesBuildPhase section */
		9DC436D820019D4E00335A4A /* Sources */ = {
			isa = PBXSourcesBuildPhase;
			buildActionMask = 2147483647;
			files = (
				A331A07E20091519005776C2 /* ConnectViewController.swift in Sources */,
				A350ABB8200D1D1600D846AD /* users.swift in Sources */,
				A308DA7F201C179000F126A6 /* menuLauncherViewController.swift in Sources */,
				A331A07C200914A5005776C2 /* ProfileViewController.swift in Sources */,
				A357DCDD200264EE00A2D517 /* LoginViewController.swift in Sources */,
				A350ABB2200C131E00D846AD /* ContactCodeViewController.swift in Sources */,
				A357DCE120026F5700A2D517 /* SignUpViewController.swift in Sources */,
				A368935D2005921D000E7C69 /* config.swift in Sources */,
				A350ABB0200C130900D846AD /* SocialCodeViewController.swift in Sources */,
				9DC436E020019D4E00335A4A /* AppDelegate.swift in Sources */,
			);
			runOnlyForDeploymentPostprocessing = 0;
		};
		9DC436EC20019D4E00335A4A /* Sources */ = {
			isa = PBXSourcesBuildPhase;
			buildActionMask = 2147483647;
			files = (
				9DC436F520019D4E00335A4A /* NexusTests.swift in Sources */,
			);
			runOnlyForDeploymentPostprocessing = 0;
		};
		9DC436F720019D4E00335A4A /* Sources */ = {
			isa = PBXSourcesBuildPhase;
			buildActionMask = 2147483647;
			files = (
				9DC4370020019D4E00335A4A /* NexusUITests.swift in Sources */,
			);
			runOnlyForDeploymentPostprocessing = 0;
		};
/* End PBXSourcesBuildPhase section */

/* Begin PBXTargetDependency section */
		9DC436F220019D4E00335A4A /* PBXTargetDependency */ = {
			isa = PBXTargetDependency;
			target = 9DC436DB20019D4E00335A4A /* Nexus */;
			targetProxy = 9DC436F120019D4E00335A4A /* PBXContainerItemProxy */;
		};
		9DC436FD20019D4E00335A4A /* PBXTargetDependency */ = {
			isa = PBXTargetDependency;
			target = 9DC436DB20019D4E00335A4A /* Nexus */;
			targetProxy = 9DC436FC20019D4E00335A4A /* PBXContainerItemProxy */;
		};
/* End PBXTargetDependency section */

/* Begin PBXVariantGroup section */
		9DC436E320019D4E00335A4A /* Main.storyboard */ = {
			isa = PBXVariantGroup;
			children = (
				9DC436E420019D4E00335A4A /* Base */,
			);
			name = Main.storyboard;
			sourceTree = "<group>";
		};
		A34C3B862002EA1500C256FE /* SignUp.storyboard */ = {
			isa = PBXVariantGroup;
			children = (
				A34C3B872002EA1500C256FE /* Base */,
			);
			name = SignUp.storyboard;
			sourceTree = "<group>";
		};
/* End PBXVariantGroup section */

/* Begin XCBuildConfiguration section */
		9DC4370220019D4E00335A4A /* Debug */ = {
			isa = XCBuildConfiguration;
			buildSettings = {
				ALWAYS_SEARCH_USER_PATHS = NO;
				CLANG_ANALYZER_NONNULL = YES;
				CLANG_ANALYZER_NUMBER_OBJECT_CONVERSION = YES_AGGRESSIVE;
				CLANG_CXX_LANGUAGE_STANDARD = "gnu++14";
				CLANG_CXX_LIBRARY = "libc++";
				CLANG_ENABLE_MODULES = YES;
				CLANG_ENABLE_OBJC_ARC = YES;
				CLANG_WARN_BLOCK_CAPTURE_AUTORELEASING = YES;
				CLANG_WARN_BOOL_CONVERSION = YES;
				CLANG_WARN_COMMA = YES;
				CLANG_WARN_CONSTANT_CONVERSION = YES;
				CLANG_WARN_DIRECT_OBJC_ISA_USAGE = YES_ERROR;
				CLANG_WARN_DOCUMENTATION_COMMENTS = YES;
				CLANG_WARN_EMPTY_BODY = YES;
				CLANG_WARN_ENUM_CONVERSION = YES;
				CLANG_WARN_INFINITE_RECURSION = YES;
				CLANG_WARN_INT_CONVERSION = YES;
				CLANG_WARN_NON_LITERAL_NULL_CONVERSION = YES;
				CLANG_WARN_OBJC_LITERAL_CONVERSION = YES;
				CLANG_WARN_OBJC_ROOT_CLASS = YES_ERROR;
				CLANG_WARN_RANGE_LOOP_ANALYSIS = YES;
				CLANG_WARN_STRICT_PROTOTYPES = YES;
				CLANG_WARN_SUSPICIOUS_MOVE = YES;
				CLANG_WARN_UNGUARDED_AVAILABILITY = YES_AGGRESSIVE;
				CLANG_WARN_UNREACHABLE_CODE = YES;
				CLANG_WARN__DUPLICATE_METHOD_MATCH = YES;
				CODE_SIGN_IDENTITY = "iPhone Developer";
				COPY_PHASE_STRIP = NO;
				DEBUG_INFORMATION_FORMAT = dwarf;
				ENABLE_STRICT_OBJC_MSGSEND = YES;
				ENABLE_TESTABILITY = YES;
				GCC_C_LANGUAGE_STANDARD = gnu11;
				GCC_DYNAMIC_NO_PIC = NO;
				GCC_NO_COMMON_BLOCKS = YES;
				GCC_OPTIMIZATION_LEVEL = 0;
				GCC_PREPROCESSOR_DEFINITIONS = (
					"DEBUG=1",
					"$(inherited)",
				);
				GCC_WARN_64_TO_32_BIT_CONVERSION = YES;
				GCC_WARN_ABOUT_RETURN_TYPE = YES_ERROR;
				GCC_WARN_UNDECLARED_SELECTOR = YES;
				GCC_WARN_UNINITIALIZED_AUTOS = YES_AGGRESSIVE;
				GCC_WARN_UNUSED_FUNCTION = YES;
				GCC_WARN_UNUSED_VARIABLE = YES;
				IPHONEOS_DEPLOYMENT_TARGET = 11.2;
				MTL_ENABLE_DEBUG_INFO = YES;
				ONLY_ACTIVE_ARCH = YES;
				SDKROOT = iphoneos;
				SWIFT_ACTIVE_COMPILATION_CONDITIONS = DEBUG;
				SWIFT_OPTIMIZATION_LEVEL = "-Onone";
			};
			name = Debug;
		};
		9DC4370320019D4E00335A4A /* Release */ = {
			isa = XCBuildConfiguration;
			buildSettings = {
				ALWAYS_SEARCH_USER_PATHS = NO;
				CLANG_ANALYZER_NONNULL = YES;
				CLANG_ANALYZER_NUMBER_OBJECT_CONVERSION = YES_AGGRESSIVE;
				CLANG_CXX_LANGUAGE_STANDARD = "gnu++14";
				CLANG_CXX_LIBRARY = "libc++";
				CLANG_ENABLE_MODULES = YES;
				CLANG_ENABLE_OBJC_ARC = YES;
				CLANG_WARN_BLOCK_CAPTURE_AUTORELEASING = YES;
				CLANG_WARN_BOOL_CONVERSION = YES;
				CLANG_WARN_COMMA = YES;
				CLANG_WARN_CONSTANT_CONVERSION = YES;
				CLANG_WARN_DIRECT_OBJC_ISA_USAGE = YES_ERROR;
				CLANG_WARN_DOCUMENTATION_COMMENTS = YES;
				CLANG_WARN_EMPTY_BODY = YES;
				CLANG_WARN_ENUM_CONVERSION = YES;
				CLANG_WARN_INFINITE_RECURSION = YES;
				CLANG_WARN_INT_CONVERSION = YES;
				CLANG_WARN_NON_LITERAL_NULL_CONVERSION = YES;
				CLANG_WARN_OBJC_LITERAL_CONVERSION = YES;
				CLANG_WARN_OBJC_ROOT_CLASS = YES_ERROR;
				CLANG_WARN_RANGE_LOOP_ANALYSIS = YES;
				CLANG_WARN_STRICT_PROTOTYPES = YES;
				CLANG_WARN_SUSPICIOUS_MOVE = YES;
				CLANG_WARN_UNGUARDED_AVAILABILITY = YES_AGGRESSIVE;
				CLANG_WARN_UNREACHABLE_CODE = YES;
				CLANG_WARN__DUPLICATE_METHOD_MATCH = YES;
				CODE_SIGN_IDENTITY = "iPhone Developer";
				COPY_PHASE_STRIP = NO;
				DEBUG_INFORMATION_FORMAT = "dwarf-with-dsym";
				ENABLE_NS_ASSERTIONS = NO;
				ENABLE_STRICT_OBJC_MSGSEND = YES;
				GCC_C_LANGUAGE_STANDARD = gnu11;
				GCC_NO_COMMON_BLOCKS = YES;
				GCC_WARN_64_TO_32_BIT_CONVERSION = YES;
				GCC_WARN_ABOUT_RETURN_TYPE = YES_ERROR;
				GCC_WARN_UNDECLARED_SELECTOR = YES;
				GCC_WARN_UNINITIALIZED_AUTOS = YES_AGGRESSIVE;
				GCC_WARN_UNUSED_FUNCTION = YES;
				GCC_WARN_UNUSED_VARIABLE = YES;
				IPHONEOS_DEPLOYMENT_TARGET = 11.2;
				MTL_ENABLE_DEBUG_INFO = NO;
				SDKROOT = iphoneos;
				SWIFT_OPTIMIZATION_LEVEL = "-Owholemodule";
				VALIDATE_PRODUCT = YES;
			};
			name = Release;
		};
		9DC4370520019D4E00335A4A /* Debug */ = {
			isa = XCBuildConfiguration;
			baseConfigurationReference = 2128E87600CF59D1187BCFD5 /* Pods-Nexus.debug.xcconfig */;
			buildSettings = {
				ASSETCATALOG_COMPILER_APPICON_NAME = AppIcon;
				"CODE_SIGN_IDENTITY[sdk=iphoneos*]" = "iPhone Developer";
				CODE_SIGN_STYLE = Automatic;
				DEVELOPMENT_TEAM = BB9Y5ZBW49;
				INFOPLIST_FILE = Nexus/Info.plist;
				IPHONEOS_DEPLOYMENT_TARGET = 11.2;
				LD_RUNPATH_SEARCH_PATHS = "$(inherited) @executable_path/Frameworks";
				PRODUCT_BUNDLE_IDENTIFIER = com.MattFoote.Nexus;
				PRODUCT_NAME = "$(TARGET_NAME)";
				PROVISIONING_PROFILE_SPECIFIER = "";
				SWIFT_OBJC_BRIDGING_HEADER = "Nexus/nexus-Bridging-Header.h";
				SWIFT_VERSION = 4.0;
				TARGETED_DEVICE_FAMILY = 1;
			};
			name = Debug;
		};
		9DC4370620019D4E00335A4A /* Release */ = {
			isa = XCBuildConfiguration;
			baseConfigurationReference = FE27944A3CD7FAE1B5AD4FBE /* Pods-Nexus.release.xcconfig */;
			buildSettings = {
				ASSETCATALOG_COMPILER_APPICON_NAME = AppIcon;
				"CODE_SIGN_IDENTITY[sdk=iphoneos*]" = "iPhone Developer";
				CODE_SIGN_STYLE = Automatic;
				DEVELOPMENT_TEAM = BB9Y5ZBW49;
				INFOPLIST_FILE = Nexus/Info.plist;
				IPHONEOS_DEPLOYMENT_TARGET = 11.2;
				LD_RUNPATH_SEARCH_PATHS = "$(inherited) @executable_path/Frameworks";
				PRODUCT_BUNDLE_IDENTIFIER = com.MattFoote.Nexus;
				PRODUCT_NAME = "$(TARGET_NAME)";
				PROVISIONING_PROFILE_SPECIFIER = "";
				SWIFT_OBJC_BRIDGING_HEADER = "Nexus/nexus-Bridging-Header.h";
				SWIFT_VERSION = 4.0;
				TARGETED_DEVICE_FAMILY = 1;
			};
			name = Release;
		};
		9DC4370820019D4E00335A4A /* Debug */ = {
			isa = XCBuildConfiguration;
			baseConfigurationReference = BEE9E106AD8BBDE20BA3EA95 /* Pods-NexusTests.debug.xcconfig */;
			buildSettings = {
				ALWAYS_EMBED_SWIFT_STANDARD_LIBRARIES = YES;
				BUNDLE_LOADER = "$(TEST_HOST)";
				CODE_SIGN_STYLE = Automatic;
				DEVELOPMENT_TEAM = BB9Y5ZBW49;
				INFOPLIST_FILE = NexusTests/Info.plist;
				LD_RUNPATH_SEARCH_PATHS = "$(inherited) @executable_path/Frameworks @loader_path/Frameworks";
				PRODUCT_BUNDLE_IDENTIFIER = com.MattFoote.NexusTests;
				PRODUCT_NAME = "$(TARGET_NAME)";
				SWIFT_VERSION = 4.0;
				TARGETED_DEVICE_FAMILY = "1,2";
				TEST_HOST = "$(BUILT_PRODUCTS_DIR)/Nexus.app/Nexus";
			};
			name = Debug;
		};
		9DC4370920019D4E00335A4A /* Release */ = {
			isa = XCBuildConfiguration;
			baseConfigurationReference = 83E54BEA97C799CC3C1A5714 /* Pods-NexusTests.release.xcconfig */;
			buildSettings = {
				ALWAYS_EMBED_SWIFT_STANDARD_LIBRARIES = YES;
				BUNDLE_LOADER = "$(TEST_HOST)";
				CODE_SIGN_STYLE = Automatic;
				DEVELOPMENT_TEAM = BB9Y5ZBW49;
				INFOPLIST_FILE = NexusTests/Info.plist;
				LD_RUNPATH_SEARCH_PATHS = "$(inherited) @executable_path/Frameworks @loader_path/Frameworks";
				PRODUCT_BUNDLE_IDENTIFIER = com.MattFoote.NexusTests;
				PRODUCT_NAME = "$(TARGET_NAME)";
				SWIFT_VERSION = 4.0;
				TARGETED_DEVICE_FAMILY = "1,2";
				TEST_HOST = "$(BUILT_PRODUCTS_DIR)/Nexus.app/Nexus";
			};
			name = Release;
		};
		9DC4370B20019D4E00335A4A /* Debug */ = {
			isa = XCBuildConfiguration;
			baseConfigurationReference = 4A3A0D1073A832A51B2868EA /* Pods-NexusUITests.debug.xcconfig */;
			buildSettings = {
				ALWAYS_EMBED_SWIFT_STANDARD_LIBRARIES = YES;
				CODE_SIGN_STYLE = Automatic;
				DEVELOPMENT_TEAM = BB9Y5ZBW49;
				INFOPLIST_FILE = NexusUITests/Info.plist;
				LD_RUNPATH_SEARCH_PATHS = "$(inherited) @executable_path/Frameworks @loader_path/Frameworks";
				PRODUCT_BUNDLE_IDENTIFIER = com.MattFoote.NexusUITests;
				PRODUCT_NAME = "$(TARGET_NAME)";
				SWIFT_VERSION = 4.0;
				TARGETED_DEVICE_FAMILY = "1,2";
				TEST_TARGET_NAME = Nexus;
			};
			name = Debug;
		};
		9DC4370C20019D4E00335A4A /* Release */ = {
			isa = XCBuildConfiguration;
			baseConfigurationReference = 2072B8EA596448F9DA218AFD /* Pods-NexusUITests.release.xcconfig */;
			buildSettings = {
				ALWAYS_EMBED_SWIFT_STANDARD_LIBRARIES = YES;
				CODE_SIGN_STYLE = Automatic;
				DEVELOPMENT_TEAM = BB9Y5ZBW49;
				INFOPLIST_FILE = NexusUITests/Info.plist;
				LD_RUNPATH_SEARCH_PATHS = "$(inherited) @executable_path/Frameworks @loader_path/Frameworks";
				PRODUCT_BUNDLE_IDENTIFIER = com.MattFoote.NexusUITests;
				PRODUCT_NAME = "$(TARGET_NAME)";
				SWIFT_VERSION = 4.0;
				TARGETED_DEVICE_FAMILY = "1,2";
				TEST_TARGET_NAME = Nexus;
			};
			name = Release;
		};
/* End XCBuildConfiguration section */

/* Begin XCConfigurationList section */
		9DC436D720019D4E00335A4A /* Build configuration list for PBXProject "Nexus" */ = {
			isa = XCConfigurationList;
			buildConfigurations = (
				9DC4370220019D4E00335A4A /* Debug */,
				9DC4370320019D4E00335A4A /* Release */,
			);
			defaultConfigurationIsVisible = 0;
			defaultConfigurationName = Release;
		};
		9DC4370420019D4E00335A4A /* Build configuration list for PBXNativeTarget "Nexus" */ = {
			isa = XCConfigurationList;
			buildConfigurations = (
				9DC4370520019D4E00335A4A /* Debug */,
				9DC4370620019D4E00335A4A /* Release */,
			);
			defaultConfigurationIsVisible = 0;
			defaultConfigurationName = Release;
		};
		9DC4370720019D4E00335A4A /* Build configuration list for PBXNativeTarget "NexusTests" */ = {
			isa = XCConfigurationList;
			buildConfigurations = (
				9DC4370820019D4E00335A4A /* Debug */,
				9DC4370920019D4E00335A4A /* Release */,
			);
			defaultConfigurationIsVisible = 0;
			defaultConfigurationName = Release;
		};
		9DC4370A20019D4E00335A4A /* Build configuration list for PBXNativeTarget "NexusUITests" */ = {
			isa = XCConfigurationList;
			buildConfigurations = (
				9DC4370B20019D4E00335A4A /* Debug */,
				9DC4370C20019D4E00335A4A /* Release */,
			);
			defaultConfigurationIsVisible = 0;
			defaultConfigurationName = Release;
		};
/* End XCConfigurationList section */
	};
	rootObject = 9DC436D420019D4E00335A4A /* Project object */;
}
